
Microsoft Visual Studio Solution File, Format Version 12.00
# Visual Studio Version 17
VisualStudioVersion = 17.13.35818.85
MinimumVisualStudioVersion = 10.0.40219.1
Project("{FAE04EC0-301F-11D3-BF4B-00C04F79EFBC}") = "UsersModelvView", "UsersModelvView\UsersModelvView.csproj", "{2FFF3759-1B49-4966-8D7B-A204EA6F83A0}"
EndProject
Project("{FAE04EC0-301F-11D3-BF4B-00C04F79EFBC}") = "MVPLib", "MVPLib\MVPLib.csproj", "{FDB3050E-7FEB-48A6-B8EA-E104EA1817E2}"
EndProject
Global
	GlobalSection(SolutionConfigurationPlatforms) = preSolution
		Debug|Any CPU = Debug|Any CPU
		Release|Any CPU = Release|Any CPU
	EndGlobalSection
	GlobalSection(ProjectConfigurationPlatforms) = postSolution
		{2FFF3759-1B49-4966-8D7B-A204EA6F83A0}.Debug|Any CPU.ActiveCfg = Debug|Any CPU
		{2FFF3759-1B49-4966-8D7B-A204EA6F83A0}.Debug|Any CPU.Build.0 = Debug|Any CPU
		{2FFF3759-1B49-4966-8D7B-A204EA6F83A0}.Release|Any CPU.ActiveCfg = Release|Any CPU
		{2FFF3759-1B49-4966-8D7B-A204EA6F83A0}.Release|Any CPU.Build.0 = Release|Any CPU
		{FDB3050E-7FEB-48A6-B8EA-E104EA1817E2}.Debug|Any CPU.ActiveCfg = Debug|Any CPU
		{FDB3050E-7FEB-48A6-B8EA-E104EA1817E2}.Debug|Any CPU.Build.0 = Debug|Any CPU
		{FDB3050E-7FEB-48A6-B8EA-E104EA1817E2}.Release|Any CPU.ActiveCfg = Release|Any CPU
		{FDB3050E-7FEB-48A6-B8EA-E104EA1817E2}.Release|Any CPU.Build.0 = Release|Any CPU
	EndGlobalSection
	GlobalSection(SolutionProperties) = preSolution
		HideSolutionNode = FALSE
	EndGlobalSection
	GlobalSection(ExtensibilityGlobals) = postSolution
		SolutionGuid = {429B0066-1171-4988-AB2A-6773D95D7F9F}
	EndGlobalSection
EndGlobal
