
Microsoft Visual Studio Solution File, Format Version 12.00
# Visual Studio Version 17
VisualStudioVersion = 17.13.35919.96 d17.13
MinimumVisualStudioVersion = 10.0.40219.1
Project("{FAE04EC0-301F-11D3-BF4B-00C04F79EFBC}") = "ListProject", "ListProject\ListProject.csproj", "{2C5AA302-CC01-4EDC-AF8B-F68D3A1995D4}"
EndProject
Global
	GlobalSection(SolutionConfigurationPlatforms) = preSolution
		Debug|Any CPU = Debug|Any CPU
		Release|Any CPU = Release|Any CPU
	EndGlobalSection
	GlobalSection(ProjectConfigurationPlatforms) = postSolution
		{2C5AA302-CC01-4EDC-AF8B-F68D3A1995D4}.Debug|Any CPU.ActiveCfg = Debug|Any CPU
		{2C5AA302-CC01-4EDC-AF8B-F68D3A1995D4}.Debug|Any CPU.Build.0 = Debug|Any CPU
		{2C5AA302-CC01-4EDC-AF8B-F68D3A1995D4}.Release|Any CPU.ActiveCfg = Release|Any CPU
		{2C5AA302-CC01-4EDC-AF8B-F68D3A1995D4}.Release|Any CPU.Build.0 = Release|Any CPU
	EndGlobalSection
	GlobalSection(SolutionProperties) = preSolution
		HideSolutionNode = FALSE
	EndGlobalSection
	GlobalSection(ExtensibilityGlobals) = postSolution
		SolutionGuid = {3429BF7F-C182-4368-B29F-BF58DB19D102}
	EndGlobalSection
EndGlobal
