
Microsoft Visual Studio Solution File, Format Version 12.00
# Visual Studio Version 17
VisualStudioVersion = 17.13.35818.85 d17.13
MinimumVisualStudioVersion = 10.0.40219.1
Project("{FAE04EC0-301F-11D3-BF4B-00C04F79EFBC}") = "DictTest", "DictTest\DictTest.csproj", "{08E88E08-AD1B-4B6C-8933-5B7031800122}"
EndProject
Global
	GlobalSection(SolutionConfigurationPlatforms) = preSolution
		Debug|Any CPU = Debug|Any CPU
		Release|Any CPU = Release|Any CPU
	EndGlobalSection
	GlobalSection(ProjectConfigurationPlatforms) = postSolution
		{08E88E08-AD1B-4B6C-8933-5B7031800122}.Debug|Any CPU.ActiveCfg = Debug|Any CPU
		{08E88E08-AD1B-4B6C-8933-5B7031800122}.Debug|Any CPU.Build.0 = Debug|Any CPU
		{08E88E08-AD1B-4B6C-8933-5B7031800122}.Release|Any CPU.ActiveCfg = Release|Any CPU
		{08E88E08-AD1B-4B6C-8933-5B7031800122}.Release|Any CPU.Build.0 = Release|Any CPU
	EndGlobalSection
	GlobalSection(SolutionProperties) = preSolution
		HideSolutionNode = FALSE
	EndGlobalSection
	GlobalSection(ExtensibilityGlobals) = postSolution
		SolutionGuid = {0D5BAD29-ADB1-4D2C-8CC3-64BEE3B4DEB9}
	EndGlobalSection
EndGlobal
